# This file is autogenerated, do not edit; changes may be undone by the next 'dep ensure'.


[[projects]]
  digest = "1:2aff5edb9bccd2974090fddb17ca7ab05a3f5c983db567c30c7f0b53404f5783"
  name = "github.com/ajg/form"
  packages = ["."]
  pruneopts = "UT"
  revision = "cc2954064ec9ea8d93917f0f87456e11d7b881ad"
  version = "v1.5"

[[projects]]
  branch = "master"
  digest = "1:d6afaeed1502aa28e80a4ed0981d570ad91b2579193404256ce672ed0a609e0d"
  name = "github.com/beorn7/perks"
  packages = ["quantile"]
  pruneopts = "UT"
  revision = "3a771d992973f24aa725d07868b467d1ddfceafb"

[[projects]]
  branch = "master"
  digest = "1:5e33f17a0345f8ff94763b128e790293c0d5b060d57a32aadfcc23fd51a619fa"
  name = "github.com/buger/jsonparser"
  packages = ["."]
  pruneopts = "UT"
  revision = "6acdf747ae99cad92d1e8134606008acaca71844"

[[projects]]
  digest = "1:ffe9824d294da03b391f44e1ae8281281b4afc1bdaa9588c9097785e3af10cec"
  name = "github.com/davecgh/go-spew"
  packages = ["spew"]
  pruneopts = "UT"
  revision = "8991bc29aa16c548c550c7ff78260e27b9ab7c73"
  version = "v1.1.1"

[[projects]]
  digest = "1:ca82a3b99694824c627573c2a76d0e49719b4a9c02d1d85a2ac91f1c1f52ab9b"
  name = "github.com/fatih/structs"
  packages = ["."]
  pruneopts = "UT"
  revision = "a720dfa8df582c51dee1b36feabb906bde1588bd"
  version = "v1.0"

[[projects]]
  branch = "master"
  digest = "1:fbc02c2b3b78e6bc30228f3bae582f1fcea74a050cbdbf42f24eff12bef8eab4"
  name = "github.com/gavv/monotime"
  packages = ["."]
  pruneopts = "UT"
  revision = "6f8212e8d10df7383609d3c377ca08884d8f3ec0"

[[projects]]
  digest = "1:f07a4d25993e3805995cde930e656ff2dbf7af60a865264a58205ec761296daa"
  name = "github.com/go-kit/kit"
  packages = [
    "endpoint",
    "log",
    "metrics",
    "metrics/internal/lv",
    "metrics/prometheus",
    "transport/http",
  ]
  pruneopts = "UT"
  revision = "ca4112baa34cb55091301bdc13b1420a122b1b9e"
  version = "v0.7.0"

[[projects]]
  digest = "1:31a18dae27a29aa074515e43a443abfd2ba6deb6d69309d8d7ce789c45f34659"
  name = "github.com/go-logfmt/logfmt"
  packages = ["."]
  pruneopts = "UT"
  revision = "390ab7935ee28ec6b286364bba9b4dd6410cb3d5"
  version = "v0.3.0"

[[projects]]
  digest = "1:586ea76dbd0374d6fb649a91d70d652b7fe0ccffb8910a77468e7702e7901f3d"
  name = "github.com/go-stack/stack"
  packages = ["."]
  pruneopts = "UT"
  revision = "2fee6af1a9795aafbe0253a0cfbdf668e1fb8a9a"
  version = "v1.8.0"

[[projects]]
  digest = "1:bc38c7c481812e178d85160472e231c5e1c9a7f5845d67e23ee4e706933c10d8"
  name = "github.com/golang/mock"
  packages = ["gomock"]
  pruneopts = "UT"
  revision = "c34cdb4725f4c3844d095133c6e40e448b86589b"
  version = "v1.1.1"

[[projects]]
  digest = "1:97df918963298c287643883209a2c3f642e6593379f97ab400c2a2e219ab647d"
  name = "github.com/golang/protobuf"
  packages = ["proto"]
  pruneopts = "UT"
  revision = "aa810b61a9c79d51363740d207bb46cf8e620ed5"
  version = "v1.2.0"

[[projects]]
  branch = "master"
  digest = "1:4a0c6bb4805508a6287675fac876be2ac1182539ca8a32468d8128882e9d5009"
  name = "github.com/golang/snappy"
  packages = ["."]
  pruneopts = "UT"
  revision = "2e65f85255dbc3072edf28d6b5b8efc472979f5a"

[[projects]]
  digest = "1:a63cff6b5d8b95638bfe300385d93b2a6d9d687734b863da8e09dc834510a690"
  name = "github.com/google/go-querystring"
  packages = ["query"]
  pruneopts = "UT"
  revision = "44c6ddd0a2342c386950e880b658017258da92fc"
  version = "v1.0.0"

[[projects]]
  digest = "1:c79fb010be38a59d657c48c6ba1d003a8aa651fa56b579d959d74573b7dff8e1"
  name = "github.com/gorilla/context"
  packages = ["."]
  pruneopts = "UT"
  revision = "08b5f424b9271eedf6f9f0ce86cb9396ed337a42"
  version = "v1.1.1"

[[projects]]
  digest = "1:e73f5b0152105f18bc131fba127d9949305c8693f8a762588a82a48f61756f5f"
  name = "github.com/gorilla/mux"
  packages = ["."]
  pruneopts = "UT"
  revision = "e3702bed27f0d39777b0b37b664b6280e8ef8fbf"
  version = "v1.6.2"

[[projects]]
  branch = "master"
  digest = "1:59392ed8afb901aab4287d4894df8191722e34f3957716f4350c8c133ce99046"
  name = "github.com/hpcloud/tail"
  packages = [
    ".",
    "ratelimiter",
    "util",
    "watch",
    "winfile",
  ]
  pruneopts = "UT"
  revision = "a1dbeea552b7c8df4b542c66073e393de198a800"

[[projects]]
  digest = "1:a3ce4de79566c21e93cb6934797fdaa587ad3fc6a964708ab77babe54ea67188"
  name = "github.com/imkira/go-interpol"
  packages = ["."]
  pruneopts = "UT"
  revision = "5accad8134979a6ac504d456a6c7f1c53da237ca"
  version = "v1.1.0"

[[projects]]
  digest = "1:ecd9aa82687cf31d1585d4ac61d0ba180e42e8a6182b85bd785fcca8dfeefc1b"
  name = "github.com/joho/godotenv"
  packages = ["."]
  pruneopts = "UT"
  revision = "23d116af351c84513e1946b527c88823e476be13"
  version = "v1.3.0"

[[projects]]
  digest = "1:cdbed6a7b574b13bbabcd8c36c5be56d6444789bab21fcd37d39655eab0b2141"
  name = "github.com/klauspost/compress"
  packages = [
    "flate",
    "gzip",
    "zlib",
  ]
  pruneopts = "UT"
  revision = "b939724e787a27c0005cabe3f78e7ed7987ac74f"
  version = "v1.4.0"

[[projects]]
  digest = "1:4ea0668d490ca32a38366453a486e2e8c60fbdaf1f2607c96b4a093d8a5c8de7"
  name = "github.com/klauspost/cpuid"
  packages = ["."]
  pruneopts = "UT"
  revision = "ae7887de9fa5d2db4eaa8174a7eff2c1ac00f2da"
  version = "v1.1"

[[projects]]
  branch = "master"
  digest = "1:a64e323dc06b73892e5bb5d040ced475c4645d456038333883f58934abbf6f72"
  name = "github.com/kr/logfmt"
  packages = ["."]
  pruneopts = "UT"
  revision = "b84e30acd515aadc4b783ad4ff83aff3299bdfe0"

[[projects]]
  branch = "master"
  digest = "1:4684943366b2b6cdbc194086132d79351d73a0dc02028606456642af92451852"
  name = "github.com/lytics/base62"
  packages = ["."]
  pruneopts = "UT"
  revision = "0ee4de5a5d6d26db3daa72bd80a860ff2332b437"

[[projects]]
  digest = "1:ff5ebae34cfbf047d505ee150de27e60570e8c394b3b8fdbb720ff6ac71985fc"
  name = "github.com/matttproud/golang_protobuf_extensions"
  packages = ["pbutil"]
  pruneopts = "UT"
  revision = "c12348ce28de40eed0136aa2b644d0ee0650e56c"
  version = "v1.0.1"

[[projects]]
  digest = "1:bf8079a82a9d26fbfe7ea6b886878b0f3d8d00b174e364b024ca5c50e59c8d92"
  name = "github.com/mongodb/mongo-go-driver"
  packages = [
    "bson",
    "bson/bsoncodec",
    "bson/builder",
    "bson/decimal",
    "bson/elements",
    "bson/internal/llbson",
    "bson/objectid",
    "bson/parser",
    "bson/parser/ast",
    "core/address",
    "core/auth",
    "core/auth/internal/gssapi",
    "core/command",
    "core/compressor",
    "core/connection",
    "core/connstring",
    "core/description",
    "core/dispatch",
    "core/event",
    "core/option",
    "core/readconcern",
    "core/readpref",
    "core/result",
    "core/session",
    "core/tag",
    "core/topology",
    "core/uuid",
    "core/version",
    "core/wiremessage",
    "core/writeconcern",
    "internal",
    "mongo",
    "mongo/aggregateopt",
    "mongo/changestreamopt",
    "mongo/clientopt",
    "mongo/collectionopt",
    "mongo/countopt",
    "mongo/dbopt",
    "mongo/deleteopt",
    "mongo/distinctopt",
    "mongo/dropcollopt",
    "mongo/findopt",
    "mongo/indexopt",
    "mongo/insertopt",
    "mongo/listcollectionopt",
    "mongo/listdbopt",
    "mongo/mongoopt",
    "mongo/replaceopt",
    "mongo/runcmdopt",
    "mongo/sessionopt",
    "mongo/transactionopt",
    "mongo/updateopt",
  ]
  pruneopts = "UT"
  revision = "71de844febff6ac5b6fc6ba165e24e9677d2ee05"
  version = "v0.0.15"

[[projects]]
  branch = "master"
  digest = "1:7aefb397a53fc437c90f0fdb3e1419c751c5a3a165ced52325d5d797edf1aca6"
  name = "github.com/moul/http2curl"
  packages = ["."]
  pruneopts = "UT"
  revision = "9ac6cf4d929b2fa8fd2d2e6dec5bb0feb4f4911d"

[[projects]]
  digest = "1:42e29deef12327a69123b9cb2cb45fee4af5c12c2a23c6e477338279a052703f"
  name = "github.com/onsi/ginkgo"
  packages = [
    ".",
    "config",
    "internal/codelocation",
    "internal/containernode",
    "internal/failer",
    "internal/leafnodes",
    "internal/remote",
    "internal/spec",
    "internal/spec_iterator",
    "internal/specrunner",
    "internal/suite",
    "internal/testingtproxy",
    "internal/writer",
    "reporters",
    "reporters/stenographer",
    "reporters/stenographer/support/go-colorable",
    "reporters/stenographer/support/go-isatty",
    "types",
  ]
  pruneopts = "UT"
  revision = "3774a09d95489ccaa16032e0770d08ea77ba6184"
  version = "v1.6.0"

[[projects]]
  digest = "1:ab54eea8d482272009e9e4af07d4d9b5236c27b4d8c54a3f2c99d163be883eca"
  name = "github.com/onsi/gomega"
  packages = [
    ".",
    "format",
    "internal/assertion",
    "internal/asyncassertion",
    "internal/oraclematcher",
    "internal/testingtsupport",
    "matchers",
    "matchers/support/goraph/bipartitegraph",
    "matchers/support/goraph/edge",
    "matchers/support/goraph/node",
    "matchers/support/goraph/util",
    "types",
  ]
  pruneopts = "UT"
  revision = "7615b9433f86a8bdf29709bf288bc4fd0636a369"
  version = "v1.4.2"

[[projects]]
  digest = "1:0028cb19b2e4c3112225cd871870f2d9cf49b9b4276531f03438a88e94be86fe"
  name = "github.com/pmezard/go-difflib"
  packages = ["difflib"]
  pruneopts = "UT"
  revision = "792786c7400a136282c1664665ae0a8db921c6c2"
  version = "v1.0.0"

[[projects]]
  digest = "1:d14a5f4bfecf017cb780bdde1b6483e5deb87e12c332544d2c430eda58734bcb"
  name = "github.com/prometheus/client_golang"
  packages = [
    "prometheus",
    "prometheus/promhttp",
  ]
  pruneopts = "UT"
  revision = "c5b7fccd204277076155f10851dad72b76a49317"
  version = "v0.8.0"

[[projects]]
  branch = "master"
  digest = "1:2d5cd61daa5565187e1d96bae64dbbc6080dacf741448e9629c64fd93203b0d4"
  name = "github.com/prometheus/client_model"
  packages = ["go"]
  pruneopts = "UT"
  revision = "5c3871d89910bfb32f5fcab2aa4b9ec68e65a99f"

[[projects]]
  branch = "master"
  digest = "1:63b68062b8968092eb86bedc4e68894bd096ea6b24920faca8b9dcf451f54bb5"
  name = "github.com/prometheus/common"
  packages = [
    "expfmt",
    "internal/bitbucket.org/ww/goautoneg",
    "model",
  ]
  pruneopts = "UT"
  revision = "c7de2306084e37d54b8be01f3541a8464345e9a5"

[[projects]]
  branch = "master"
  digest = "1:ef1dd9945e58ee9b635273d28c0ef3fa3742a7dedc038ebe207fd63e6ce000ef"
  name = "github.com/prometheus/procfs"
  packages = [
    ".",
    "internal/util",
    "nfs",
    "xfs",
  ]
  pruneopts = "UT"
  revision = "418d78d0b9a7b7de3a6bbc8a23def624cc977bb2"

[[projects]]
  digest = "1:d917313f309bda80d27274d53985bc65651f81a5b66b820749ac7f8ef061fd04"
  name = "github.com/sergi/go-diff"
  packages = ["diffmatchpatch"]
  pruneopts = "UT"
  revision = "1744e2970ca51c86172c8190fadad617561ed6e7"
  version = "v1.0.0"

[[projects]]
  digest = "1:c40d65817cdd41fac9aa7af8bed56927bb2d6d47e4fea566a74880f5c2b1c41e"
  name = "github.com/stretchr/testify"
  packages = [
    "assert",
    "require",
  ]
  pruneopts = "UT"
  revision = "f35b8ab0b5a2cef36673838d662e249dd9c94686"
  version = "v1.2.2"

[[projects]]
  digest = "1:c468422f334a6b46a19448ad59aaffdfc0a36b08fdcc1c749a0b29b6453d7e59"
  name = "github.com/valyala/bytebufferpool"
  packages = ["."]
  pruneopts = "UT"
  revision = "e746df99fe4a3986f4d4f79e13c1e0117ce9c2f7"
  version = "v1.0.0"

[[projects]]
  digest = "1:15ad8a80098fcc7a194b9db6b26d74072a852e4faa957848c8118193d3c69230"
  name = "github.com/valyala/fasthttp"
  packages = [
    ".",
    "fasthttputil",
    "stackless",
  ]
  pruneopts = "UT"
  revision = "e5f51c11919d4f66400334047b897ef0a94c6f3c"
  version = "v20180529"

[[projects]]
  branch = "master"
  digest = "1:40fdfd6ab85ca32b6935853bbba35935dcb1d796c8135efd85947566c76e662e"
  name = "github.com/xdg/scram"
  packages = ["."]
  pruneopts = "UT"
  revision = "7eeb5667e42c09cb51bf7b7c28aea8c56767da90"

[[projects]]
  digest = "1:577b99fc55ee19cbf1ffd072808c91ced78cd732bd9d0517bec9b90e532069cb"
  name = "github.com/xdg/stringprep"
  packages = ["."]
  pruneopts = "UT"
  revision = "bd625b8dc1e3b0f57412280ccbcc317f0c69d8db"
  version = "v1.0.0"

[[projects]]
  branch = "master"
  digest = "1:f4e5276a3b356f4692107047fd2890f2fe534f4feeb6b1fd2f6dfbd87f1ccf54"
  name = "github.com/xeipuuv/gojsonpointer"
  packages = ["."]
  pruneopts = "UT"
  revision = "4e3ac2762d5f479393488629ee9370b50873b3a6"

[[projects]]
  branch = "master"
  digest = "1:dc6a6c28ca45d38cfce9f7cb61681ee38c5b99ec1425339bfc1e1a7ba769c807"
  name = "github.com/xeipuuv/gojsonreference"
  packages = ["."]
  pruneopts = "UT"
  revision = "bd5ef7bd5415a7ac448318e64f11a24cd21e594b"

[[projects]]
  digest = "1:41bd4de0a27c0b7affef4083bc8f86501b4c7d891f95809a0fb758a23eb5e78f"
  name = "github.com/xeipuuv/gojsonschema"
  packages = ["."]
  pruneopts = "UT"
  revision = "da425ebb7609ba06a0f395fc8a254d1c303364a0"
  version = "v1.0"

[[projects]]
  branch = "master"
  digest = "1:ac3d942a027d57fbfc5c13791cfaaa4b30729674fea88f2e03190b777c2b674e"
  name = "github.com/yalp/jsonpath"
  packages = ["."]
  pruneopts = "UT"
  revision = "5cc68e5049a040829faef3a44c00ec4332f6dec7"

[[projects]]
  digest = "1:52ccbcf36804b0beb5677a8994bd4ac740b71d1d6fe38c02b113dabdda51bf6d"
  name = "github.com/yudai/gojsondiff"
  packages = [
    ".",
    "formatter",
  ]
  pruneopts = "UT"
  revision = "7b1b7adf999dab73a6eb02669c3d82dbb27a3dd6"
  version = "1.0.0"

[[projects]]
  branch = "master"
  digest = "1:0d4822d3440c9b5992704bb357061fff7ab60daa85d92dec02b81b78e4908db7"
  name = "github.com/yudai/golcs"
  packages = ["."]
  pruneopts = "UT"
  revision = "ecda9a501e8220fae3b4b600c3db4b0ba22cfc68"

[[projects]]
  branch = "master"
  digest = "1:f92f6956e4059f6a3efc14924d2dd58ba90da25cc57fe07ae3779ef2f5e0c5f2"
  name = "golang.org/x/crypto"
  packages = ["pbkdf2"]
  pruneopts = "UT"
  revision = "5295e8364332db77d75fce11f1d19c053919a9c9"

[[projects]]
  branch = "master"
  digest = "1:06e01a09dc3becd4b9323a699bd5291e233fc4ab22de49dc8d4f69cc453f14d3"
  name = "golang.org/x/net"
  packages = [
    "context",
    "html",
    "html/atom",
    "html/charset",
    "idna",
    "publicsuffix",
  ]
  pruneopts = "UT"
  revision = "4dfa2610cdf3b287375bbba5b8f2a14d3b01d8de"

[[projects]]
  branch = "master"
  digest = "1:e0140c0c868c6e0f01c0380865194592c011fe521d6e12d78bfd33e756fe018a"
  name = "golang.org/x/sync"
  packages = ["semaphore"]
  pruneopts = "UT"
  revision = "1d60e4601c6fd243af51cc01ddf169918a5407ca"

[[projects]]
  branch = "master"
  digest = "1:e2ced6fdf654069e8713c96012275fbd245381673d53e8c8ace640b28441a28b"
  name = "golang.org/x/sys"
  packages = ["unix"]
  pruneopts = "UT"
  revision = "e4b3c5e9061176387e7cea65e4dc5853801f3fb7"

[[projects]]
  digest = "1:436b24586f8fee329e0dd65fd67c817681420cda1d7f934345c13fe78c212a73"
  name = "golang.org/x/text"
  packages = [
    "collate",
    "collate/build",
    "encoding",
    "encoding/charmap",
    "encoding/htmlindex",
    "encoding/internal",
    "encoding/internal/identifier",
    "encoding/japanese",
    "encoding/korean",
    "encoding/simplifiedchinese",
    "encoding/traditionalchinese",
    "encoding/unicode",
    "internal/colltab",
    "internal/gen",
    "internal/tag",
    "internal/triegen",
    "internal/ucd",
    "internal/utf8internal",
    "language",
    "runes",
    "secure/bidirule",
    "transform",
    "unicode/bidi",
    "unicode/cldr",
    "unicode/norm",
    "unicode/rangetable",
  ]
  pruneopts = "UT"
  revision = "f21a4dfb5e38f5895301dc265a8def02365cc3d0"
  version = "v0.3.0"

[[projects]]
  digest = "1:abeb38ade3f32a92943e5be54f55ed6d6e3b6602761d74b4aab4c9dd45c18abd"
  name = "gopkg.in/fsnotify/fsnotify.v1"
  packages = ["."]
  pruneopts = "UT"
  revision = "c2828203cd70a50dcccfb2761f8b1f8ceef9a8e9"
  version = "v1.4.7"

[[projects]]
  branch = "v1"
  digest = "1:99409b277e9cd3f00284f8898e43b517956514108d1b220efc60ef05c8a8fd58"
  name = "gopkg.in/gavv/httpexpect.v1"
  packages = ["."]
  pruneopts = "UT"
  revision = "bdde308713130a703436e014ff782958c251d20a"
  source = "github.com/gavv/httpexpect"

[[projects]]
  branch = "v1"
  digest = "1:0caa92e17bc0b65a98c63e5bc76a9e844cd5e56493f8fdbb28fad101a16254d9"
  name = "gopkg.in/tomb.v1"
  packages = ["."]
  pruneopts = "UT"
  revision = "dd632973f1e7218eb1089048e0798ec9ae7dceb8"

[[projects]]
  digest = "1:342378ac4dcb378a5448dd723f0784ae519383532f5e70ade24132c4c8693202"
  name = "gopkg.in/yaml.v2"
  packages = ["."]
  pruneopts = "UT"
  revision = "5420a8b6744d3b0345ab293f6fcba19c978f1183"
  version = "v2.2.1"

[solve-meta]
  analyzer-name = "dep"
  analyzer-version = 1
  input-imports = [
    "github.com/go-kit/kit/endpoint",
    "github.com/go-kit/kit/log",
    "github.com/go-kit/kit/metrics",
    "github.com/go-kit/kit/metrics/prometheus",
    "github.com/go-kit/kit/transport/http",
    "github.com/golang/mock/gomock",
    "github.com/gorilla/mux",
    "github.com/joho/godotenv",
    "github.com/lytics/base62",
    "github.com/mongodb/mongo-go-driver/bson",
    "github.com/mongodb/mongo-go-driver/mongo",
    "github.com/onsi/ginkgo",
    "github.com/onsi/gomega",
    "github.com/prometheus/client_golang/prometheus",
    "github.com/prometheus/client_golang/prometheus/promhttp",
    "gopkg.in/gavv/httpexpect.v1",
  ]
  solver-name = "gps-cdcl"
  solver-version = 1
